
Microsoft Visual Studio Solution File, Format Version 12.00
# Visual Studio Version 17
VisualStudioVersion = 17.3.32929.385
MinimumVisualStudioVersion = 10.0.40219.1
Project("{9A19103F-16F7-4668-BE54-9A1E7A4F7556}") = "FundRaiser", "FundRaiser.csproj", "{8651EDFC-1727-438C-814E-7FEB1D46092A}"
EndProject
Global
	GlobalSection(SolutionConfigurationPlatforms) = preSolution
		Debug|Any CPU = Debug|Any CPU
		Release|Any CPU = Release|Any CPU
	EndGlobalSection
	GlobalSection(ProjectConfigurationPlatforms) = postSolution
		{8651EDFC-1727-438C-814E-7FEB1D46092A}.Debug|Any CPU.ActiveCfg = Debug|Any CPU
		{8651EDFC-1727-438C-814E-7FEB1D46092A}.Debug|Any CPU.Build.0 = Debug|Any CPU
		{8651EDFC-1727-438C-814E-7FEB1D46092A}.Release|Any CPU.ActiveCfg = Release|Any CPU
		{8651EDFC-1727-438C-814E-7FEB1D46092A}.Release|Any CPU.Build.0 = Release|Any CPU
	EndGlobalSection
	GlobalSection(SolutionProperties) = preSolution
		HideSolutionNode = FALSE
	EndGlobalSection
	GlobalSection(ExtensibilityGlobals) = postSolution
		SolutionGuid = {D456BBA0-DE00-483D-ADDF-105FAFCD79DA}
	EndGlobalSection
EndGlobal
